
Microsoft Visual Studio Solution File, Format Version 12.00
# Visual Studio 15
VisualStudioVersion = 15.0.27428.2027
MinimumVisualStudioVersion = 10.0.40219.1
Project("{9A19103F-16F7-4668-BE54-9A1E7A4F7556}") = "WebBetHome", "WebBetHome\WebBetHome.csproj", "{64E06B55-03ED-47CD-A2BD-C5F3CA0DE853}"
EndProject
Project("{FAE04EC0-301F-11D3-BF4B-00C04F79EFBC}") = "WebBetHome.Localisation", "WebBetHome.Localisation\WebBetHome.Localisation.csproj", "{A608B798-4B70-4446-B2BC-87D479624F60}"
EndProject
Project("{FAE04EC0-301F-11D3-BF4B-00C04F79EFBC}") = "WebBetHome.Models", "WebBetHome.Models\WebBetHome.Models.csproj", "{D5ED7ECF-6BA2-4328-9005-73CF9F71C865}"
EndProject
Project("{2150E333-8FDC-42A3-9474-1A3956D46DE8}") = "03 Client", "03 Client", "{EA4EDCE8-1BC9-4A4F-BC71-52AE9C9070D9}"
EndProject
Project("{2150E333-8FDC-42A3-9474-1A3956D46DE8}") = "02 Server", "02 Server", "{A6E75AE1-0DD5-49D8-8710-5CB53E1FA720}"
EndProject
Project("{2150E333-8FDC-42A3-9474-1A3956D46DE8}") = "01 Common", "01 Common", "{6E12D592-81B6-4EE0-983B-B0AFE444C023}"
EndProject
Project("{FAE04EC0-301F-11D3-BF4B-00C04F79EFBC}") = "WebBetHome.Services", "WebBetHome.Server\WebBetHome.Services.csproj", "{2D133431-67A1-4ADE-9FBE-BE46A55F782C}"
EndProject
Project("{2150E333-8FDC-42A3-9474-1A3956D46DE8}") = "04 Database", "04 Database", "{D5BC3D52-D73E-480A-B70C-AF3B50053F43}"
EndProject
Project("{FAE04EC0-301F-11D3-BF4B-00C04F79EFBC}") = "WebBetHome.Business", "WebBetHome.Business\WebBetHome.Business.csproj", "{79B1A628-2DB0-438E-B835-D566AB1EBCDF}"
EndProject
Project("{FAE04EC0-301F-11D3-BF4B-00C04F79EFBC}") = "WebBetHome.Business.Interfaces", "WebBetHome.Business.Interfaces\WebBetHome.Business.Interfaces.csproj", "{B697618E-0529-495C-B688-A428D0CCE131}"
EndProject
Project("{FAE04EC0-301F-11D3-BF4B-00C04F79EFBC}") = "WebBetHome.DataAccess", "WebBetHome.DataAccess\WebBetHome.DataAccess.csproj", "{F77DD6B4-65B1-4C1C-98F2-1825B4BBD1EF}"
EndProject
Project("{FAE04EC0-301F-11D3-BF4B-00C04F79EFBC}") = "WebBetHome.DataAccess.Interfaces", "WebBetHome.DataAccess.Interfaces\WebBetHome.DataAccess.Interfaces.csproj", "{BBA0D4E9-5FF2-4817-8EBE-B3457005CEB9}"
EndProject
Project("{FAE04EC0-301F-11D3-BF4B-00C04F79EFBC}") = "WebBet.Database", "WebBet.Database\WebBet.Database.csproj", "{53F3948D-B577-4680-9E68-C1DB1F278C6F}"
EndProject
Project("{FAE04EC0-301F-11D3-BF4B-00C04F79EFBC}") = "WebBetHome.Services.Interfaces", "WebBetHome.Services.Interfaces\WebBetHome.Services.Interfaces.csproj", "{B1ACC19C-A541-4787-A2CB-EEBB629C04B1}"
EndProject
Project("{FAE04EC0-301F-11D3-BF4B-00C04F79EFBC}") = "WebBetHome.Validators", "WebBetHome.Validators\WebBetHome.Validators.csproj", "{A2B8D5B1-B8B9-4FFE-A688-ED75595C3B86}"
EndProject
Project("{FAE04EC0-301F-11D3-BF4B-00C04F79EFBC}") = "WebBetHome.ServiceProvider", "WebBetHome.ServiceProvider\WebBetHome.ServiceProvider.csproj", "{DA48C9B1-91EE-40C5-AFAF-FEF8B2C8092C}"
EndProject
Project("{FAE04EC0-301F-11D3-BF4B-00C04F79EFBC}") = "WebBetHome.ServiceProvider.Interfaces", "WebBetHome.ServiceProvider.Interfaces\WebBetHome.ServiceProvider.Interfaces.csproj", "{B3B9C3DC-9B39-443D-AC80-8E211AA83778}"
EndProject
Global
	GlobalSection(SolutionConfigurationPlatforms) = preSolution
		Debug|Any CPU = Debug|Any CPU
		Release|Any CPU = Release|Any CPU
	EndGlobalSection
	GlobalSection(ProjectConfigurationPlatforms) = postSolution
		{64E06B55-03ED-47CD-A2BD-C5F3CA0DE853}.Debug|Any CPU.ActiveCfg = Debug|Any CPU
		{64E06B55-03ED-47CD-A2BD-C5F3CA0DE853}.Debug|Any CPU.Build.0 = Debug|Any CPU
		{64E06B55-03ED-47CD-A2BD-C5F3CA0DE853}.Release|Any CPU.ActiveCfg = Release|Any CPU
		{64E06B55-03ED-47CD-A2BD-C5F3CA0DE853}.Release|Any CPU.Build.0 = Release|Any CPU
		{A608B798-4B70-4446-B2BC-87D479624F60}.Debug|Any CPU.ActiveCfg = Debug|Any CPU
		{A608B798-4B70-4446-B2BC-87D479624F60}.Debug|Any CPU.Build.0 = Debug|Any CPU
		{A608B798-4B70-4446-B2BC-87D479624F60}.Release|Any CPU.ActiveCfg = Release|Any CPU
		{A608B798-4B70-4446-B2BC-87D479624F60}.Release|Any CPU.Build.0 = Release|Any CPU
		{D5ED7ECF-6BA2-4328-9005-73CF9F71C865}.Debug|Any CPU.ActiveCfg = Debug|Any CPU
		{D5ED7ECF-6BA2-4328-9005-73CF9F71C865}.Debug|Any CPU.Build.0 = Debug|Any CPU
		{D5ED7ECF-6BA2-4328-9005-73CF9F71C865}.Release|Any CPU.ActiveCfg = Release|Any CPU
		{D5ED7ECF-6BA2-4328-9005-73CF9F71C865}.Release|Any CPU.Build.0 = Release|Any CPU
		{2D133431-67A1-4ADE-9FBE-BE46A55F782C}.Debug|Any CPU.ActiveCfg = Debug|Any CPU
		{2D133431-67A1-4ADE-9FBE-BE46A55F782C}.Debug|Any CPU.Build.0 = Debug|Any CPU
		{2D133431-67A1-4ADE-9FBE-BE46A55F782C}.Release|Any CPU.ActiveCfg = Release|Any CPU
		{2D133431-67A1-4ADE-9FBE-BE46A55F782C}.Release|Any CPU.Build.0 = Release|Any CPU
		{79B1A628-2DB0-438E-B835-D566AB1EBCDF}.Debug|Any CPU.ActiveCfg = Debug|Any CPU
		{79B1A628-2DB0-438E-B835-D566AB1EBCDF}.Debug|Any CPU.Build.0 = Debug|Any CPU
		{79B1A628-2DB0-438E-B835-D566AB1EBCDF}.Release|Any CPU.ActiveCfg = Release|Any CPU
		{79B1A628-2DB0-438E-B835-D566AB1EBCDF}.Release|Any CPU.Build.0 = Release|Any CPU
		{B697618E-0529-495C-B688-A428D0CCE131}.Debug|Any CPU.ActiveCfg = Debug|Any CPU
		{B697618E-0529-495C-B688-A428D0CCE131}.Debug|Any CPU.Build.0 = Debug|Any CPU
		{B697618E-0529-495C-B688-A428D0CCE131}.Release|Any CPU.ActiveCfg = Release|Any CPU
		{B697618E-0529-495C-B688-A428D0CCE131}.Release|Any CPU.Build.0 = Release|Any CPU
		{F77DD6B4-65B1-4C1C-98F2-1825B4BBD1EF}.Debug|Any CPU.ActiveCfg = Debug|Any CPU
		{F77DD6B4-65B1-4C1C-98F2-1825B4BBD1EF}.Debug|Any CPU.Build.0 = Debug|Any CPU
		{F77DD6B4-65B1-4C1C-98F2-1825B4BBD1EF}.Release|Any CPU.ActiveCfg = Release|Any CPU
		{F77DD6B4-65B1-4C1C-98F2-1825B4BBD1EF}.Release|Any CPU.Build.0 = Release|Any CPU
		{BBA0D4E9-5FF2-4817-8EBE-B3457005CEB9}.Debug|Any CPU.ActiveCfg = Debug|Any CPU
		{BBA0D4E9-5FF2-4817-8EBE-B3457005CEB9}.Debug|Any CPU.Build.0 = Debug|Any CPU
		{BBA0D4E9-5FF2-4817-8EBE-B3457005CEB9}.Release|Any CPU.ActiveCfg = Release|Any CPU
		{BBA0D4E9-5FF2-4817-8EBE-B3457005CEB9}.Release|Any CPU.Build.0 = Release|Any CPU
		{53F3948D-B577-4680-9E68-C1DB1F278C6F}.Debug|Any CPU.ActiveCfg = Debug|Any CPU
		{53F3948D-B577-4680-9E68-C1DB1F278C6F}.Debug|Any CPU.Build.0 = Debug|Any CPU
		{53F3948D-B577-4680-9E68-C1DB1F278C6F}.Release|Any CPU.ActiveCfg = Release|Any CPU
		{53F3948D-B577-4680-9E68-C1DB1F278C6F}.Release|Any CPU.Build.0 = Release|Any CPU
		{B1ACC19C-A541-4787-A2CB-EEBB629C04B1}.Debug|Any CPU.ActiveCfg = Debug|Any CPU
		{B1ACC19C-A541-4787-A2CB-EEBB629C04B1}.Debug|Any CPU.Build.0 = Debug|Any CPU
		{B1ACC19C-A541-4787-A2CB-EEBB629C04B1}.Release|Any CPU.ActiveCfg = Release|Any CPU
		{B1ACC19C-A541-4787-A2CB-EEBB629C04B1}.Release|Any CPU.Build.0 = Release|Any CPU
		{A2B8D5B1-B8B9-4FFE-A688-ED75595C3B86}.Debug|Any CPU.ActiveCfg = Debug|Any CPU
		{A2B8D5B1-B8B9-4FFE-A688-ED75595C3B86}.Debug|Any CPU.Build.0 = Debug|Any CPU
		{A2B8D5B1-B8B9-4FFE-A688-ED75595C3B86}.Release|Any CPU.ActiveCfg = Release|Any CPU
		{A2B8D5B1-B8B9-4FFE-A688-ED75595C3B86}.Release|Any CPU.Build.0 = Release|Any CPU
		{DA48C9B1-91EE-40C5-AFAF-FEF8B2C8092C}.Debug|Any CPU.ActiveCfg = Debug|Any CPU
		{DA48C9B1-91EE-40C5-AFAF-FEF8B2C8092C}.Debug|Any CPU.Build.0 = Debug|Any CPU
		{DA48C9B1-91EE-40C5-AFAF-FEF8B2C8092C}.Release|Any CPU.ActiveCfg = Release|Any CPU
		{DA48C9B1-91EE-40C5-AFAF-FEF8B2C8092C}.Release|Any CPU.Build.0 = Release|Any CPU
		{B3B9C3DC-9B39-443D-AC80-8E211AA83778}.Debug|Any CPU.ActiveCfg = Debug|Any CPU
		{B3B9C3DC-9B39-443D-AC80-8E211AA83778}.Debug|Any CPU.Build.0 = Debug|Any CPU
		{B3B9C3DC-9B39-443D-AC80-8E211AA83778}.Release|Any CPU.ActiveCfg = Release|Any CPU
		{B3B9C3DC-9B39-443D-AC80-8E211AA83778}.Release|Any CPU.Build.0 = Release|Any CPU
	EndGlobalSection
	GlobalSection(SolutionProperties) = preSolution
		HideSolutionNode = FALSE
	EndGlobalSection
	GlobalSection(NestedProjects) = preSolution
		{64E06B55-03ED-47CD-A2BD-C5F3CA0DE853} = {EA4EDCE8-1BC9-4A4F-BC71-52AE9C9070D9}
		{A608B798-4B70-4446-B2BC-87D479624F60} = {6E12D592-81B6-4EE0-983B-B0AFE444C023}
		{D5ED7ECF-6BA2-4328-9005-73CF9F71C865} = {6E12D592-81B6-4EE0-983B-B0AFE444C023}
		{2D133431-67A1-4ADE-9FBE-BE46A55F782C} = {A6E75AE1-0DD5-49D8-8710-5CB53E1FA720}
		{79B1A628-2DB0-438E-B835-D566AB1EBCDF} = {A6E75AE1-0DD5-49D8-8710-5CB53E1FA720}
		{B697618E-0529-495C-B688-A428D0CCE131} = {A6E75AE1-0DD5-49D8-8710-5CB53E1FA720}
		{F77DD6B4-65B1-4C1C-98F2-1825B4BBD1EF} = {A6E75AE1-0DD5-49D8-8710-5CB53E1FA720}
		{BBA0D4E9-5FF2-4817-8EBE-B3457005CEB9} = {A6E75AE1-0DD5-49D8-8710-5CB53E1FA720}
		{53F3948D-B577-4680-9E68-C1DB1F278C6F} = {D5BC3D52-D73E-480A-B70C-AF3B50053F43}
		{B1ACC19C-A541-4787-A2CB-EEBB629C04B1} = {6E12D592-81B6-4EE0-983B-B0AFE444C023}
		{A2B8D5B1-B8B9-4FFE-A688-ED75595C3B86} = {6E12D592-81B6-4EE0-983B-B0AFE444C023}
		{DA48C9B1-91EE-40C5-AFAF-FEF8B2C8092C} = {EA4EDCE8-1BC9-4A4F-BC71-52AE9C9070D9}
		{B3B9C3DC-9B39-443D-AC80-8E211AA83778} = {EA4EDCE8-1BC9-4A4F-BC71-52AE9C9070D9}
	EndGlobalSection
	GlobalSection(ExtensibilityGlobals) = postSolution
		SolutionGuid = {02CBDE12-403E-4D5A-BDAE-F05F13270F78}
	EndGlobalSection
EndGlobal
